{
  "name": "jag-insight",
  "version": "1.2.8",
  "lockfileVersion": 3,
  "requires": true,
  "packages": {
    "": {
      "name": "jag-insight",
      "version": "1.2.8",
      "license": "MIT",
      "devDependencies": {
        "@types/vscode": "^1.80.0"
      },
      "engines": {
        "vscode": "^1.80.0"
      }
    },
    "node_modules/@types/vscode": {
      "version": "1.134.0",
      "resolved": "https://registry.npmjs.org/@types/vscode/-/vscode-1.134.0.tgz",
      "integrity": "sha512-NDEu0hg4sF7+vvFsADsktqUJ6f80LHSZvVK2Ovo1XiQ0/VHck1O3zst+ZZyVA/uvz6vo6LcuoqU2q48YMqOwWw==",
      "dev": true,
      "license": "MIT"
    }
  }
}
